// !$*UTF8*$!
{
	archiveVersion = 1;
	classes = {
	};
	objectVersion = 77;
	objects = {

/* Begin PBXBuildFile section */
		00C5A7CF1EEDAF4F103444B5 /* Markdown in Frameworks */ = {isa = PBXBuildFile; productRef = C751A146F893A369A160F144 /* Markdown */; };
		0701B0140BBD62012D50453D /* EditorPositionStore.swift in Sources */ = {isa = PBXBuildFile; fileRef = DC6A7C545B906B7D027022F1 /* EditorPositionStore.swift */; };
		07AB6D24D38C0EA12C5E0A38 /* WorkspaceModel.swift in Sources */ = {isa = PBXBuildFile; fileRef = 3A6510639C139A366128A045 /* WorkspaceModel.swift */; };
		0D9CBEED29BD9DB77F8AC60A /* EditorTheme.swift in Sources */ = {isa = PBXBuildFile; fileRef = 0D4DBEB9C88600602D1E9C67 /* EditorTheme.swift */; };
		0F96C47C1A1CCA1210F1BD5E /* MarkdownPreviewView.swift in Sources */ = {isa = PBXBuildFile; fileRef = 437866ECDC36D19D4993CF5E /* MarkdownPreviewView.swift */; };
		0FC140FB6B5FF48844ECEA1F /* LargeDocumentTests.swift in Sources */ = {isa = PBXBuildFile; fileRef = 712E11F4E017EA05D0CC6575 /* LargeDocumentTests.swift */; };
		103C913D0A53FFB04BE50594 /* WikiLinkResolver.swift in Sources */ = {isa = PBXBuildFile; fileRef = AF10741C3AEBB50F10400861 /* WikiLinkResolver.swift */; };
		1336942C491650E720695632 /* SettingsView.swift in Sources */ = {isa = PBXBuildFile; fileRef = AC8AD07144B2A6466FF2484C /* SettingsView.swift */; };
		173501D00F864791657092D3 /* VisualEditingTests.swift in Sources */ = {isa = PBXBuildFile; fileRef = DF74ADCECE6AA6FC05531DAD /* VisualEditingTests.swift */; };
		193F11852B92E034FAC48D21 /* WorkspaceSidebar.swift in Sources */ = {isa = PBXBuildFile; fileRef = 801219633BD7829B2F8376CD /* WorkspaceSidebar.swift */; };
		22FE563AAF328F7A5FEE963B /* MarkdownLint.swift in Sources */ = {isa = PBXBuildFile; fileRef = DA44CE853828E5B49C3A9C8B /* MarkdownLint.swift */; };
		29B49A2B1F1193ED3E858E2F /* FormattingHelpersTests.swift in Sources */ = {isa = PBXBuildFile; fileRef = 703CA6794BAE5546ADC06370 /* FormattingHelpersTests.swift */; };
		29F5C1D1B76FC477819ACDB6 /* WikiLinkScannerTests.swift in Sources */ = {isa = PBXBuildFile; fileRef = 3E4345BEA71C0AD64B5639E0 /* WikiLinkScannerTests.swift */; };
		2B3D81A455822ED02A0164B2 /* Markdown in Frameworks */ = {isa = PBXBuildFile; productRef = 2DE5E72B6D910282961D4DE5 /* Markdown */; };
		2DC3DD70D9EABD4B0A3F79BB /* AttributedToMarkdown.swift in Sources */ = {isa = PBXBuildFile; fileRef = 6777468CC5C87C9C9FBEBBB4 /* AttributedToMarkdown.swift */; };
		33987BB1DCF137F8619ED8A9 /* RoundTripTests.swift in Sources */ = {isa = PBXBuildFile; fileRef = 902CDF64CE6CDC7E97E07494 /* RoundTripTests.swift */; };
		35B92D0E158EC663900ABF69 /* OutlineSidebar.swift in Sources */ = {isa = PBXBuildFile; fileRef = BAD84F80960334B09CB707FA /* OutlineSidebar.swift */; };
		36EC931E76830B6AD1B1C4D5 /* MarkdownDocument.swift in Sources */ = {isa = PBXBuildFile; fileRef = F3D4A22DA77E17372D05528F /* MarkdownDocument.swift */; };
		3E483A036C489B19FC7CE13B /* MarkdownHighlighter.swift in Sources */ = {isa = PBXBuildFile; fileRef = 73443608878228D727F6A239 /* MarkdownHighlighter.swift */; };
		3F8168BFA79137CB385050B2 /* SourceTextView.swift in Sources */ = {isa = PBXBuildFile; fileRef = F6FEB806B8D4B55475BA13C7 /* SourceTextView.swift */; };
		5D0294AD8C32BB3AAF640E76 /* MarkdownLintTests.swift in Sources */ = {isa = PBXBuildFile; fileRef = CAD551E24AD78CA9438FAAAD /* MarkdownLintTests.swift */; };
		69034FDFA4F9C877EAFE1C56 /* FormattingHelpers.swift in Sources */ = {isa = PBXBuildFile; fileRef = 699B6916CC8820D33D30549E /* FormattingHelpers.swift */; };
		6CB081FD0A08458A1D9DBED7 /* EditorSettings.swift in Sources */ = {isa = PBXBuildFile; fileRef = 04300EC4050C4FAC5095E833 /* EditorSettings.swift */; };
		7096713EEEF40CD4F23A7F75 /* AppState.swift in Sources */ = {isa = PBXBuildFile; fileRef = 7515C3219FEEA448EFDED1F9 /* AppState.swift */; };
		72C6BA1720506EAE368C880C /* EditorMode.swift in Sources */ = {isa = PBXBuildFile; fileRef = 76CFD41043AC7BDE423F87F1 /* EditorMode.swift */; };
		75ED2C4FF8872DD52EDB4BD2 /* ContentView.swift in Sources */ = {isa = PBXBuildFile; fileRef = 92161BAEF22CB4D7970B98F1 /* ContentView.swift */; };
		88109ED24F98DE292E0A3299 /* VisualTextView.swift in Sources */ = {isa = PBXBuildFile; fileRef = 4948C4D96A7D658AF2AA64AC /* VisualTextView.swift */; };
		8C6DCEE9C17EAEDC106316B9 /* EditMenuTests.swift in Sources */ = {isa = PBXBuildFile; fileRef = DAEEE1AA157CDFE8823C73A1 /* EditMenuTests.swift */; };
		9133952BAFF33E8C67ED34C8 /* WorkspaceModelTests.swift in Sources */ = {isa = PBXBuildFile; fileRef = 3AE1CCCC29A3B872EBDEBC71 /* WorkspaceModelTests.swift */; };
		9D4657767848E11CF7714FCD /* FocusedValues.swift in Sources */ = {isa = PBXBuildFile; fileRef = 299C8B043AA3EB547F3F8B71 /* FocusedValues.swift */; };
		B53D01C27281EC597C43ACAE /* FileEditor.swift in Sources */ = {isa = PBXBuildFile; fileRef = 8EF30D9BCD97859D07D2DEC3 /* FileEditor.swift */; };
		B8AFDF57F19025E8B002F0E3 /* AppDelegate.swift in Sources */ = {isa = PBXBuildFile; fileRef = CFAB2E84EB730567221C4320 /* AppDelegate.swift */; };
		B8C565E206D80AB162BE9AFF /* MarkdownHTMLTests.swift in Sources */ = {isa = PBXBuildFile; fileRef = B5D846CE48E058A5CF592086 /* MarkdownHTMLTests.swift */; };
		BB135A18ACEE195F4A339EDD /* MarkdownOutline.swift in Sources */ = {isa = PBXBuildFile; fileRef = 4BB22DFCCB3F3272CD7D6D97 /* MarkdownOutline.swift */; };
		BBD7230A06F923D8C34F074B /* MarkdownToAttributed.swift in Sources */ = {isa = PBXBuildFile; fileRef = 20EEA6EC840B9F6F54E41660 /* MarkdownToAttributed.swift */; };
		C106C0911196133FE31E1962 /* WikiLink.swift in Sources */ = {isa = PBXBuildFile; fileRef = A85FFB7B92DF1171B9199CF5 /* WikiLink.swift */; };
		CEE95797B45754B164DD2E4A /* MarkdownOutlineTests.swift in Sources */ = {isa = PBXBuildFile; fileRef = 37CE31BE8D22A8531D232CB8 /* MarkdownOutlineTests.swift */; };
		D112EA02036A16D2DE50C707 /* WikiLinkResolverTests.swift in Sources */ = {isa = PBXBuildFile; fileRef = 7EA8007CB637137CEE171BBA /* WikiLinkResolverTests.swift */; };
		DA424E58D0274B4EB89F9151 /* DocumentStoreTests.swift in Sources */ = {isa = PBXBuildFile; fileRef = CB1F452F4D6375340DFCFE53 /* DocumentStoreTests.swift */; };
		DB490D4FE279C4551AFF0CAA /* MarkdownHighlighterTests.swift in Sources */ = {isa = PBXBuildFile; fileRef = 55259E1AF23DB7613E7106E3 /* MarkdownHighlighterTests.swift */; };
		E2830B1049758784FCE6E3D8 /* DocumentHistory.swift in Sources */ = {isa = PBXBuildFile; fileRef = AB83AB3017722A54EA6CFB17 /* DocumentHistory.swift */; };
		E7C7AFCDD89E1CBC12830916 /* DocumentStore.swift in Sources */ = {isa = PBXBuildFile; fileRef = 52D121A56408289D8F49E90D /* DocumentStore.swift */; };
		E9B12661CB0A36CB8A634015 /* EditMDApp.swift in Sources */ = {isa = PBXBuildFile; fileRef = 56FF3BD17201E239817B79BA /* EditMDApp.swift */; };
		FC3186EAE0C45CF6A7A4EFAC /* MarkdownHTML.swift in Sources */ = {isa = PBXBuildFile; fileRef = 6B7E13F1F9342FAE1AD367A7 /* MarkdownHTML.swift */; };
/* End PBXBuildFile section */

/* Begin PBXContainerItemProxy section */
		583383A64B11DCCB3B2A49F1 /* PBXContainerItemProxy */ = {
			isa = PBXContainerItemProxy;
			containerPortal = 55100F6B68E83BE749C519C0 /* Project object */;
			proxyType = 1;
			remoteGlobalIDString = A83F4158108B6E92D2C81AB7;
			remoteInfo = EditMD;
		};
/* End PBXContainerItemProxy section */

/* Begin PBXFileReference section */
		04300EC4050C4FAC5095E833 /* EditorSettings.swift */ = {isa = PBXFileReference; lastKnownFileType = sourcecode.swift; path = EditorSettings.swift; sourceTree = "<group>"; };
		0D4DBEB9C88600602D1E9C67 /* EditorTheme.swift */ = {isa = PBXFileReference; lastKnownFileType = sourcecode.swift; path = EditorTheme.swift; sourceTree = "<group>"; };
		20EEA6EC840B9F6F54E41660 /* MarkdownToAttributed.swift */ = {isa = PBXFileReference; lastKnownFileType = sourcecode.swift; path = MarkdownToAttributed.swift; sourceTree = "<group>"; };
		299C8B043AA3EB547F3F8B71 /* FocusedValues.swift */ = {isa = PBXFileReference; lastKnownFileType = sourcecode.swift; path = FocusedValues.swift; sourceTree = "<group>"; };
		37CE31BE8D22A8531D232CB8 /* MarkdownOutlineTests.swift */ = {isa = PBXFileReference; lastKnownFileType = sourcecode.swift; path = MarkdownOutlineTests.swift; sourceTree = "<group>"; };
		3A6510639C139A366128A045 /* WorkspaceModel.swift */ = {isa = PBXFileReference; lastKnownFileType = sourcecode.swift; path = WorkspaceModel.swift; sourceTree = "<group>"; };
		3AE1CCCC29A3B872EBDEBC71 /* WorkspaceModelTests.swift */ = {isa = PBXFileReference; lastKnownFileType = sourcecode.swift; path = WorkspaceModelTests.swift; sourceTree = "<group>"; };
		3E4345BEA71C0AD64B5639E0 /* WikiLinkScannerTests.swift */ = {isa = PBXFileReference; lastKnownFileType = sourcecode.swift; path = WikiLinkScannerTests.swift; sourceTree = "<group>"; };
		437866ECDC36D19D4993CF5E /* MarkdownPreviewView.swift */ = {isa = PBXFileReference; lastKnownFileType = sourcecode.swift; path = MarkdownPreviewView.swift; sourceTree = "<group>"; };
		4948C4D96A7D658AF2AA64AC /* VisualTextView.swift */ = {isa = PBXFileReference; lastKnownFileType = sourcecode.swift; path = VisualTextView.swift; sourceTree = "<group>"; };
		4BB22DFCCB3F3272CD7D6D97 /* MarkdownOutline.swift */ = {isa = PBXFileReference; lastKnownFileType = sourcecode.swift; path = MarkdownOutline.swift; sourceTree = "<group>"; };
		52D121A56408289D8F49E90D /* DocumentStore.swift */ = {isa = PBXFileReference; lastKnownFileType = sourcecode.swift; path = DocumentStore.swift; sourceTree = "<group>"; };
		55259E1AF23DB7613E7106E3 /* MarkdownHighlighterTests.swift */ = {isa = PBXFileReference; lastKnownFileType = sourcecode.swift; path = MarkdownHighlighterTests.swift; sourceTree = "<group>"; };
		56FF3BD17201E239817B79BA /* EditMDApp.swift */ = {isa = PBXFileReference; lastKnownFileType = sourcecode.swift; path = EditMDApp.swift; sourceTree = "<group>"; };
		6777468CC5C87C9C9FBEBBB4 /* AttributedToMarkdown.swift */ = {isa = PBXFileReference; lastKnownFileType = sourcecode.swift; path = AttributedToMarkdown.swift; sourceTree = "<group>"; };
		699B6916CC8820D33D30549E /* FormattingHelpers.swift */ = {isa = PBXFileReference; lastKnownFileType = sourcecode.swift; path = FormattingHelpers.swift; sourceTree = "<group>"; };
		6B7E13F1F9342FAE1AD367A7 /* MarkdownHTML.swift */ = {isa = PBXFileReference; lastKnownFileType = sourcecode.swift; path = MarkdownHTML.swift; sourceTree = "<group>"; };
		703CA6794BAE5546ADC06370 /* FormattingHelpersTests.swift */ = {isa = PBXFileReference; lastKnownFileType = sourcecode.swift; path = FormattingHelpersTests.swift; sourceTree = "<group>"; };
		712E11F4E017EA05D0CC6575 /* LargeDocumentTests.swift */ = {isa = PBXFileReference; lastKnownFileType = sourcecode.swift; path = LargeDocumentTests.swift; sourceTree = "<group>"; };
		73443608878228D727F6A239 /* MarkdownHighlighter.swift */ = {isa = PBXFileReference; lastKnownFileType = sourcecode.swift; path = MarkdownHighlighter.swift; sourceTree = "<group>"; };
		7515C3219FEEA448EFDED1F9 /* AppState.swift */ = {isa = PBXFileReference; lastKnownFileType = sourcecode.swift; path = AppState.swift; sourceTree = "<group>"; };
		76CFD41043AC7BDE423F87F1 /* EditorMode.swift */ = {isa = PBXFileReference; lastKnownFileType = sourcecode.swift; path = EditorMode.swift; sourceTree = "<group>"; };
		7EA8007CB637137CEE171BBA /* WikiLinkResolverTests.swift */ = {isa = PBXFileReference; lastKnownFileType = sourcecode.swift; path = WikiLinkResolverTests.swift; sourceTree = "<group>"; };
		801219633BD7829B2F8376CD /* WorkspaceSidebar.swift */ = {isa = PBXFileReference; lastKnownFileType = sourcecode.swift; path = WorkspaceSidebar.swift; sourceTree = "<group>"; };
		82D8BF400E9D538C51E10B8F /* EditMD.app */ = {isa = PBXFileReference; explicitFileType = wrapper.application; includeInIndex = 0; path = EditMD.app; sourceTree = BUILT_PRODUCTS_DIR; };
		86F9ED453EE48ACB9CABC905 /* Info.plist */ = {isa = PBXFileReference; lastKnownFileType = text.plist; path = Info.plist; sourceTree = "<group>"; };
		8EF30D9BCD97859D07D2DEC3 /* FileEditor.swift */ = {isa = PBXFileReference; lastKnownFileType = sourcecode.swift; path = FileEditor.swift; sourceTree = "<group>"; };
		902CDF64CE6CDC7E97E07494 /* RoundTripTests.swift */ = {isa = PBXFileReference; lastKnownFileType = sourcecode.swift; path = RoundTripTests.swift; sourceTree = "<group>"; };
		92161BAEF22CB4D7970B98F1 /* ContentView.swift */ = {isa = PBXFileReference; lastKnownFileType = sourcecode.swift; path = ContentView.swift; sourceTree = "<group>"; };
		A85FFB7B92DF1171B9199CF5 /* WikiLink.swift */ = {isa = PBXFileReference; lastKnownFileType = sourcecode.swift; path = WikiLink.swift; sourceTree = "<group>"; };
		AB83AB3017722A54EA6CFB17 /* DocumentHistory.swift */ = {isa = PBXFileReference; lastKnownFileType = sourcecode.swift; path = DocumentHistory.swift; sourceTree = "<group>"; };
		AC8AD07144B2A6466FF2484C /* SettingsView.swift */ = {isa = PBXFileReference; lastKnownFileType = sourcecode.swift; path = SettingsView.swift; sourceTree = "<group>"; };
		AF10741C3AEBB50F10400861 /* WikiLinkResolver.swift */ = {isa = PBXFileReference; lastKnownFileType = sourcecode.swift; path = WikiLinkResolver.swift; sourceTree = "<group>"; };
		B0C706ADFA88BEB3B4664DB8 /* EditMDTests.xctest */ = {isa = PBXFileReference; explicitFileType = wrapper.cfbundle; includeInIndex = 0; path = EditMDTests.xctest; sourceTree = BUILT_PRODUCTS_DIR; };
		B5D846CE48E058A5CF592086 /* MarkdownHTMLTests.swift */ = {isa = PBXFileReference; lastKnownFileType = sourcecode.swift; path = MarkdownHTMLTests.swift; sourceTree = "<group>"; };
		BAD84F80960334B09CB707FA /* OutlineSidebar.swift */ = {isa = PBXFileReference; lastKnownFileType = sourcecode.swift; path = OutlineSidebar.swift; sourceTree = "<group>"; };
		CAD551E24AD78CA9438FAAAD /* MarkdownLintTests.swift */ = {isa = PBXFileReference; lastKnownFileType = sourcecode.swift; path = MarkdownLintTests.swift; sourceTree = "<group>"; };
		CB1F452F4D6375340DFCFE53 /* DocumentStoreTests.swift */ = {isa = PBXFileReference; lastKnownFileType = sourcecode.swift; path = DocumentStoreTests.swift; sourceTree = "<group>"; };
		CFAB2E84EB730567221C4320 /* AppDelegate.swift */ = {isa = PBXFileReference; lastKnownFileType = sourcecode.swift; path = AppDelegate.swift; sourceTree = "<group>"; };
		DA44CE853828E5B49C3A9C8B /* MarkdownLint.swift */ = {isa = PBXFileReference; lastKnownFileType = sourcecode.swift; path = MarkdownLint.swift; sourceTree = "<group>"; };
		DAEEE1AA157CDFE8823C73A1 /* EditMenuTests.swift */ = {isa = PBXFileReference; lastKnownFileType = sourcecode.swift; path = EditMenuTests.swift; sourceTree = "<group>"; };
		DC6A7C545B906B7D027022F1 /* EditorPositionStore.swift */ = {isa = PBXFileReference; lastKnownFileType = sourcecode.swift; path = EditorPositionStore.swift; sourceTree = "<group>"; };
		DF74ADCECE6AA6FC05531DAD /* VisualEditingTests.swift */ = {isa = PBXFileReference; lastKnownFileType = sourcecode.swift; path = VisualEditingTests.swift; sourceTree = "<group>"; };
		F3D4A22DA77E17372D05528F /* MarkdownDocument.swift */ = {isa = PBXFileReference; lastKnownFileType = sourcecode.swift; path = MarkdownDocument.swift; sourceTree = "<group>"; };
		F6FEB806B8D4B55475BA13C7 /* SourceTextView.swift */ = {isa = PBXFileReference; lastKnownFileType = sourcecode.swift; path = SourceTextView.swift; sourceTree = "<group>"; };
/* End PBXFileReference section */

/* Begin PBXFrameworksBuildPhase section */
		3A5F6828D0E4DC808334D2FE /* Frameworks */ = {
			isa = PBXFrameworksBuildPhase;
			buildActionMask = 2147483647;
			files = (
				00C5A7CF1EEDAF4F103444B5 /* Markdown in Frameworks */,
			);
			runOnlyForDeploymentPostprocessing = 0;
		};
		96488CDA746086B47B80AF47 /* Frameworks */ = {
			isa = PBXFrameworksBuildPhase;
			buildActionMask = 2147483647;
			files = (
				2B3D81A455822ED02A0164B2 /* Markdown in Frameworks */,
			);
			runOnlyForDeploymentPostprocessing = 0;
		};
/* End PBXFrameworksBuildPhase section */

/* Begin PBXGroup section */
		2A44F91CD35864B76B661F7F /* EditMD */ = {
			isa = PBXGroup;
			children = (
				AB4E88909F803815CFB42E20 /* App */,
				6E3AE222DE6F4AC61615C9C8 /* Document */,
				45FF45112BA24B394DC47DE6 /* Editor */,
				E604879BA5B11DF3CA7650BF /* Resources */,
				65C7C369C30DEA414280104E /* Views */,
			);
			path = EditMD;
			sourceTree = "<group>";
		};
		45FF45112BA24B394DC47DE6 /* Editor */ = {
			isa = PBXGroup;
			children = (
				6777468CC5C87C9C9FBEBBB4 /* AttributedToMarkdown.swift */,
				0D4DBEB9C88600602D1E9C67 /* EditorTheme.swift */,
				699B6916CC8820D33D30549E /* FormattingHelpers.swift */,
				73443608878228D727F6A239 /* MarkdownHighlighter.swift */,
				6B7E13F1F9342FAE1AD367A7 /* MarkdownHTML.swift */,
				DA44CE853828E5B49C3A9C8B /* MarkdownLint.swift */,
				4BB22DFCCB3F3272CD7D6D97 /* MarkdownOutline.swift */,
				20EEA6EC840B9F6F54E41660 /* MarkdownToAttributed.swift */,
				F6FEB806B8D4B55475BA13C7 /* SourceTextView.swift */,
				4948C4D96A7D658AF2AA64AC /* VisualTextView.swift */,
				A85FFB7B92DF1171B9199CF5 /* WikiLink.swift */,
			);
			path = Editor;
			sourceTree = "<group>";
		};
		61FDC8302754468698E412CF = {
			isa = PBXGroup;
			children = (
				2A44F91CD35864B76B661F7F /* EditMD */,
				BB2D9D688B6394A586DDEF3F /* EditMDTests */,
				A1087D93804719B777F561BA /* Products */,
			);
			sourceTree = "<group>";
		};
		65C7C369C30DEA414280104E /* Views */ = {
			isa = PBXGroup;
			children = (
				92161BAEF22CB4D7970B98F1 /* ContentView.swift */,
				AB83AB3017722A54EA6CFB17 /* DocumentHistory.swift */,
				76CFD41043AC7BDE423F87F1 /* EditorMode.swift */,
				DC6A7C545B906B7D027022F1 /* EditorPositionStore.swift */,
				04300EC4050C4FAC5095E833 /* EditorSettings.swift */,
				8EF30D9BCD97859D07D2DEC3 /* FileEditor.swift */,
				299C8B043AA3EB547F3F8B71 /* FocusedValues.swift */,
				437866ECDC36D19D4993CF5E /* MarkdownPreviewView.swift */,
				BAD84F80960334B09CB707FA /* OutlineSidebar.swift */,
				AC8AD07144B2A6466FF2484C /* SettingsView.swift */,
				AF10741C3AEBB50F10400861 /* WikiLinkResolver.swift */,
				3A6510639C139A366128A045 /* WorkspaceModel.swift */,
				801219633BD7829B2F8376CD /* WorkspaceSidebar.swift */,
			);
			path = Views;
			sourceTree = "<group>";
		};
		6E3AE222DE6F4AC61615C9C8 /* Document */ = {
			isa = PBXGroup;
			children = (
				52D121A56408289D8F49E90D /* DocumentStore.swift */,
				F3D4A22DA77E17372D05528F /* MarkdownDocument.swift */,
			);
			path = Document;
			sourceTree = "<group>";
		};
		A1087D93804719B777F561BA /* Products */ = {
			isa = PBXGroup;
			children = (
				82D8BF400E9D538C51E10B8F /* EditMD.app */,
				B0C706ADFA88BEB3B4664DB8 /* EditMDTests.xctest */,
			);
			name = Products;
			sourceTree = "<group>";
		};
		AB4E88909F803815CFB42E20 /* App */ = {
			isa = PBXGroup;
			children = (
				CFAB2E84EB730567221C4320 /* AppDelegate.swift */,
				7515C3219FEEA448EFDED1F9 /* AppState.swift */,
				56FF3BD17201E239817B79BA /* EditMDApp.swift */,
				86F9ED453EE48ACB9CABC905 /* Info.plist */,
			);
			path = App;
			sourceTree = "<group>";
		};
		BB2D9D688B6394A586DDEF3F /* EditMDTests */ = {
			isa = PBXGroup;
			children = (
				CB1F452F4D6375340DFCFE53 /* DocumentStoreTests.swift */,
				DAEEE1AA157CDFE8823C73A1 /* EditMenuTests.swift */,
				703CA6794BAE5546ADC06370 /* FormattingHelpersTests.swift */,
				712E11F4E017EA05D0CC6575 /* LargeDocumentTests.swift */,
				55259E1AF23DB7613E7106E3 /* MarkdownHighlighterTests.swift */,
				B5D846CE48E058A5CF592086 /* MarkdownHTMLTests.swift */,
				CAD551E24AD78CA9438FAAAD /* MarkdownLintTests.swift */,
				37CE31BE8D22A8531D232CB8 /* MarkdownOutlineTests.swift */,
				902CDF64CE6CDC7E97E07494 /* RoundTripTests.swift */,
				DF74ADCECE6AA6FC05531DAD /* VisualEditingTests.swift */,
				7EA8007CB637137CEE171BBA /* WikiLinkResolverTests.swift */,
				3E4345BEA71C0AD64B5639E0 /* WikiLinkScannerTests.swift */,
				3AE1CCCC29A3B872EBDEBC71 /* WorkspaceModelTests.swift */,
			);
			path = EditMDTests;
			sourceTree = "<group>";
		};
		E604879BA5B11DF3CA7650BF /* Resources */ = {
			isa = PBXGroup;
			children = (
			);
			path = Resources;
			sourceTree = "<group>";
		};
/* End PBXGroup section */

/* Begin PBXNativeTarget section */
		A83F4158108B6E92D2C81AB7 /* EditMD */ = {
			isa = PBXNativeTarget;
			buildConfigurationList = A8E4A7CAE2C1F6AF58CA373F /* Build configuration list for PBXNativeTarget "EditMD" */;
			buildPhases = (
				2F30CE9651E41CA03F8098FB /* Sources */,
				3A5F6828D0E4DC808334D2FE /* Frameworks */,
			);
			buildRules = (
			);
			dependencies = (
			);
			name = EditMD;
			packageProductDependencies = (
				C751A146F893A369A160F144 /* Markdown */,
			);
			productName = EditMD;
			productReference = 82D8BF400E9D538C51E10B8F /* EditMD.app */;
			productType = "com.apple.product-type.application";
		};
		F633B8F3635FA091ACD8CA76 /* EditMDTests */ = {
			isa = PBXNativeTarget;
			buildConfigurationList = 3481F674DE74254BF6475A9C /* Build configuration list for PBXNativeTarget "EditMDTests" */;
			buildPhases = (
				2C4DBF1892EC458D036BE01B /* Sources */,
				96488CDA746086B47B80AF47 /* Frameworks */,
			);
			buildRules = (
			);
			dependencies = (
				99303499A8D9E59B70437596 /* PBXTargetDependency */,
			);
			name = EditMDTests;
			packageProductDependencies = (
				2DE5E72B6D910282961D4DE5 /* Markdown */,
			);
			productName = EditMDTests;
			productReference = B0C706ADFA88BEB3B4664DB8 /* EditMDTests.xctest */;
			productType = "com.apple.product-type.bundle.unit-test";
		};
/* End PBXNativeTarget section */

/* Begin PBXProject section */
		55100F6B68E83BE749C519C0 /* Project object */ = {
			isa = PBXProject;
			attributes = {
				BuildIndependentTargetsInParallel = YES;
				LastUpgradeCheck = 1600;
				TargetAttributes = {
					A83F4158108B6E92D2C81AB7 = {
						DevelopmentTeam = "";
						ProvisioningStyle = Automatic;
					};
				};
			};
			buildConfigurationList = DAA6D644025298526166F734 /* Build configuration list for PBXProject "EditMD" */;
			developmentRegion = en;
			hasScannedForEncodings = 0;
			knownRegions = (
				Base,
				en,
			);
			mainGroup = 61FDC8302754468698E412CF;
			minimizedProjectReferenceProxies = 1;
			packageReferences = (
				D2483951BCC336A88DEFE4A8 /* XCRemoteSwiftPackageReference "swift-markdown" */,
			);
			preferredProjectObjectVersion = 77;
			productRefGroup = A1087D93804719B777F561BA /* Products */;
			projectDirPath = "";
			projectRoot = "";
			targets = (
				A83F4158108B6E92D2C81AB7 /* EditMD */,
				F633B8F3635FA091ACD8CA76 /* EditMDTests */,
			);
		};
/* End PBXProject section */

/* Begin PBXSourcesBuildPhase section */
		2C4DBF1892EC458D036BE01B /* Sources */ = {
			isa = PBXSourcesBuildPhase;
			buildActionMask = 2147483647;
			files = (
				DA424E58D0274B4EB89F9151 /* DocumentStoreTests.swift in Sources */,
				8C6DCEE9C17EAEDC106316B9 /* EditMenuTests.swift in Sources */,
				29B49A2B1F1193ED3E858E2F /* FormattingHelpersTests.swift in Sources */,
				0FC140FB6B5FF48844ECEA1F /* LargeDocumentTests.swift in Sources */,
				B8C565E206D80AB162BE9AFF /* MarkdownHTMLTests.swift in Sources */,
				DB490D4FE279C4551AFF0CAA /* MarkdownHighlighterTests.swift in Sources */,
				5D0294AD8C32BB3AAF640E76 /* MarkdownLintTests.swift in Sources */,
				CEE95797B45754B164DD2E4A /* MarkdownOutlineTests.swift in Sources */,
				33987BB1DCF137F8619ED8A9 /* RoundTripTests.swift in Sources */,
				173501D00F864791657092D3 /* VisualEditingTests.swift in Sources */,
				D112EA02036A16D2DE50C707 /* WikiLinkResolverTests.swift in Sources */,
				29F5C1D1B76FC477819ACDB6 /* WikiLinkScannerTests.swift in Sources */,
				9133952BAFF33E8C67ED34C8 /* WorkspaceModelTests.swift in Sources */,
			);
			runOnlyForDeploymentPostprocessing = 0;
		};
		2F30CE9651E41CA03F8098FB /* Sources */ = {
			isa = PBXSourcesBuildPhase;
			buildActionMask = 2147483647;
			files = (
				B8AFDF57F19025E8B002F0E3 /* AppDelegate.swift in Sources */,
				7096713EEEF40CD4F23A7F75 /* AppState.swift in Sources */,
				2DC3DD70D9EABD4B0A3F79BB /* AttributedToMarkdown.swift in Sources */,
				75ED2C4FF8872DD52EDB4BD2 /* ContentView.swift in Sources */,
				E2830B1049758784FCE6E3D8 /* DocumentHistory.swift in Sources */,
				E7C7AFCDD89E1CBC12830916 /* DocumentStore.swift in Sources */,
				E9B12661CB0A36CB8A634015 /* EditMDApp.swift in Sources */,
				72C6BA1720506EAE368C880C /* EditorMode.swift in Sources */,
				0701B0140BBD62012D50453D /* EditorPositionStore.swift in Sources */,
				6CB081FD0A08458A1D9DBED7 /* EditorSettings.swift in Sources */,
				0D9CBEED29BD9DB77F8AC60A /* EditorTheme.swift in Sources */,
				B53D01C27281EC597C43ACAE /* FileEditor.swift in Sources */,
				9D4657767848E11CF7714FCD /* FocusedValues.swift in Sources */,
				69034FDFA4F9C877EAFE1C56 /* FormattingHelpers.swift in Sources */,
				36EC931E76830B6AD1B1C4D5 /* MarkdownDocument.swift in Sources */,
				FC3186EAE0C45CF6A7A4EFAC /* MarkdownHTML.swift in Sources */,
				3E483A036C489B19FC7CE13B /* MarkdownHighlighter.swift in Sources */,
				22FE563AAF328F7A5FEE963B /* MarkdownLint.swift in Sources */,
				BB135A18ACEE195F4A339EDD /* MarkdownOutline.swift in Sources */,
				0F96C47C1A1CCA1210F1BD5E /* MarkdownPreviewView.swift in Sources */,
				BBD7230A06F923D8C34F074B /* MarkdownToAttributed.swift in Sources */,
				35B92D0E158EC663900ABF69 /* OutlineSidebar.swift in Sources */,
				1336942C491650E720695632 /* SettingsView.swift in Sources */,
				3F8168BFA79137CB385050B2 /* SourceTextView.swift in Sources */,
				88109ED24F98DE292E0A3299 /* VisualTextView.swift in Sources */,
				C106C0911196133FE31E1962 /* WikiLink.swift in Sources */,
				103C913D0A53FFB04BE50594 /* WikiLinkResolver.swift in Sources */,
				07AB6D24D38C0EA12C5E0A38 /* WorkspaceModel.swift in Sources */,
				193F11852B92E034FAC48D21 /* WorkspaceSidebar.swift in Sources */,
			);
			runOnlyForDeploymentPostprocessing = 0;
		};
/* End PBXSourcesBuildPhase section */

/* Begin PBXTargetDependency section */
		99303499A8D9E59B70437596 /* PBXTargetDependency */ = {
			isa = PBXTargetDependency;
			target = A83F4158108B6E92D2C81AB7 /* EditMD */;
			targetProxy = 583383A64B11DCCB3B2A49F1 /* PBXContainerItemProxy */;
		};
/* End PBXTargetDependency section */

/* Begin XCBuildConfiguration section */
		0A458C6E7A33DE5429F00502 /* Debug */ = {
			isa = XCBuildConfiguration;
			buildSettings = {
				BUNDLE_LOADER = "$(TEST_HOST)";
				COMBINE_HIDPI_IMAGES = YES;
				GENERATE_INFOPLIST_FILE = YES;
				LD_RUNPATH_SEARCH_PATHS = (
					"$(inherited)",
					"@executable_path/../Frameworks",
					"@loader_path/../Frameworks",
				);
				MACOSX_DEPLOYMENT_TARGET = 13.0;
				PRODUCT_BUNDLE_IDENTIFIER = com.editmd.tests;
				SDKROOT = macosx;
				SWIFT_STRICT_CONCURRENCY = complete;
				SWIFT_VERSION = 6.2;
				TEST_HOST = "$(BUILT_PRODUCTS_DIR)/EditMD.app/Contents/MacOS/EditMD";
			};
			name = Debug;
		};
		2AC91C2CA096F7DB5AE880EB /* Release */ = {
			isa = XCBuildConfiguration;
			buildSettings = {
				BUNDLE_LOADER = "$(TEST_HOST)";
				COMBINE_HIDPI_IMAGES = YES;
				GENERATE_INFOPLIST_FILE = YES;
				LD_RUNPATH_SEARCH_PATHS = (
					"$(inherited)",
					"@executable_path/../Frameworks",
					"@loader_path/../Frameworks",
				);
				MACOSX_DEPLOYMENT_TARGET = 13.0;
				PRODUCT_BUNDLE_IDENTIFIER = com.editmd.tests;
				SDKROOT = macosx;
				SWIFT_STRICT_CONCURRENCY = complete;
				SWIFT_VERSION = 6.2;
				TEST_HOST = "$(BUILT_PRODUCTS_DIR)/EditMD.app/Contents/MacOS/EditMD";
			};
			name = Release;
		};
		3B261CB551C32D3A520308CE /* Release */ = {
			isa = XCBuildConfiguration;
			buildSettings = {
				ALWAYS_SEARCH_USER_PATHS = NO;
				CLANG_ANALYZER_NONNULL = YES;
				CLANG_ANALYZER_NUMBER_OBJECT_CONVERSION = YES_AGGRESSIVE;
				CLANG_CXX_LANGUAGE_STANDARD = "gnu++14";
				CLANG_CXX_LIBRARY = "libc++";
				CLANG_ENABLE_MODULES = YES;
				CLANG_ENABLE_OBJC_ARC = YES;
				CLANG_ENABLE_OBJC_WEAK = YES;
				CLANG_WARN_BLOCK_CAPTURE_AUTORELEASING = YES;
				CLANG_WARN_BOOL_CONVERSION = YES;
				CLANG_WARN_COMMA = YES;
				CLANG_WARN_CONSTANT_CONVERSION = YES;
				CLANG_WARN_DEPRECATED_OBJC_IMPLEMENTATIONS = YES;
				CLANG_WARN_DIRECT_OBJC_ISA_USAGE = YES_ERROR;
				CLANG_WARN_DOCUMENTATION_COMMENTS = YES;
				CLANG_WARN_EMPTY_BODY = YES;
				CLANG_WARN_ENUM_CONVERSION = YES;
				CLANG_WARN_INFINITE_RECURSION = YES;
				CLANG_WARN_INT_CONVERSION = YES;
				CLANG_WARN_NON_LITERAL_NULL_CONVERSION = YES;
				CLANG_WARN_OBJC_IMPLICIT_RETAIN_SELF = YES;
				CLANG_WARN_OBJC_LITERAL_CONVERSION = YES;
				CLANG_WARN_OBJC_ROOT_CLASS = YES_ERROR;
				CLANG_WARN_QUOTED_INCLUDE_IN_FRAMEWORK_HEADER = YES;
				CLANG_WARN_RANGE_LOOP_ANALYSIS = YES;
				CLANG_WARN_STRICT_PROTOTYPES = YES;
				CLANG_WARN_SUSPICIOUS_MOVE = YES;
				CLANG_WARN_UNGUARDED_AVAILABILITY = YES_AGGRESSIVE;
				CLANG_WARN_UNREACHABLE_CODE = YES;
				CLANG_WARN__DUPLICATE_METHOD_MATCH = YES;
				COPY_PHASE_STRIP = NO;
				DEBUG_INFORMATION_FORMAT = "dwarf-with-dsym";
				ENABLE_NS_ASSERTIONS = NO;
				ENABLE_STRICT_OBJC_MSGSEND = YES;
				GCC_C_LANGUAGE_STANDARD = gnu11;
				GCC_NO_COMMON_BLOCKS = YES;
				GCC_WARN_64_TO_32_BIT_CONVERSION = YES;
				GCC_WARN_ABOUT_RETURN_TYPE = YES_ERROR;
				GCC_WARN_UNDECLARED_SELECTOR = YES;
				GCC_WARN_UNINITIALIZED_AUTOS = YES_AGGRESSIVE;
				GCC_WARN_UNUSED_FUNCTION = YES;
				GCC_WARN_UNUSED_VARIABLE = YES;
				MACOSX_DEPLOYMENT_TARGET = 13.0;
				MTL_ENABLE_DEBUG_INFO = NO;
				MTL_FAST_MATH = YES;
				PRODUCT_NAME = "$(TARGET_NAME)";
				SDKROOT = macosx;
				SWIFT_COMPILATION_MODE = wholemodule;
				SWIFT_OPTIMIZATION_LEVEL = "-O";
				SWIFT_VERSION = 5.0;
			};
			name = Release;
		};
		3C36D493BD72519CD49DD5E5 /* Debug */ = {
			isa = XCBuildConfiguration;
			buildSettings = {
				ALWAYS_SEARCH_USER_PATHS = NO;
				CLANG_ANALYZER_NONNULL = YES;
				CLANG_ANALYZER_NUMBER_OBJECT_CONVERSION = YES_AGGRESSIVE;
				CLANG_CXX_LANGUAGE_STANDARD = "gnu++14";
				CLANG_CXX_LIBRARY = "libc++";
				CLANG_ENABLE_MODULES = YES;
				CLANG_ENABLE_OBJC_ARC = YES;
				CLANG_ENABLE_OBJC_WEAK = YES;
				CLANG_WARN_BLOCK_CAPTURE_AUTORELEASING = YES;
				CLANG_WARN_BOOL_CONVERSION = YES;
				CLANG_WARN_COMMA = YES;
				CLANG_WARN_CONSTANT_CONVERSION = YES;
				CLANG_WARN_DEPRECATED_OBJC_IMPLEMENTATIONS = YES;
				CLANG_WARN_DIRECT_OBJC_ISA_USAGE = YES_ERROR;
				CLANG_WARN_DOCUMENTATION_COMMENTS = YES;
				CLANG_WARN_EMPTY_BODY = YES;
				CLANG_WARN_ENUM_CONVERSION = YES;
				CLANG_WARN_INFINITE_RECURSION = YES;
				CLANG_WARN_INT_CONVERSION = YES;
				CLANG_WARN_NON_LITERAL_NULL_CONVERSION = YES;
				CLANG_WARN_OBJC_IMPLICIT_RETAIN_SELF = YES;
				CLANG_WARN_OBJC_LITERAL_CONVERSION = YES;
				CLANG_WARN_OBJC_ROOT_CLASS = YES_ERROR;
				CLANG_WARN_QUOTED_INCLUDE_IN_FRAMEWORK_HEADER = YES;
				CLANG_WARN_RANGE_LOOP_ANALYSIS = YES;
				CLANG_WARN_STRICT_PROTOTYPES = YES;
				CLANG_WARN_SUSPICIOUS_MOVE = YES;
				CLANG_WARN_UNGUARDED_AVAILABILITY = YES_AGGRESSIVE;
				CLANG_WARN_UNREACHABLE_CODE = YES;
				CLANG_WARN__DUPLICATE_METHOD_MATCH = YES;
				COPY_PHASE_STRIP = NO;
				DEBUG_INFORMATION_FORMAT = dwarf;
				ENABLE_STRICT_OBJC_MSGSEND = YES;
				ENABLE_TESTABILITY = YES;
				GCC_C_LANGUAGE_STANDARD = gnu11;
				GCC_DYNAMIC_NO_PIC = NO;
				GCC_NO_COMMON_BLOCKS = YES;
				GCC_OPTIMIZATION_LEVEL = 0;
				GCC_PREPROCESSOR_DEFINITIONS = (
					"$(inherited)",
					"DEBUG=1",
				);
				GCC_WARN_64_TO_32_BIT_CONVERSION = YES;
				GCC_WARN_ABOUT_RETURN_TYPE = YES_ERROR;
				GCC_WARN_UNDECLARED_SELECTOR = YES;
				GCC_WARN_UNINITIALIZED_AUTOS = YES_AGGRESSIVE;
				GCC_WARN_UNUSED_FUNCTION = YES;
				GCC_WARN_UNUSED_VARIABLE = YES;
				MACOSX_DEPLOYMENT_TARGET = 13.0;
				MTL_ENABLE_DEBUG_INFO = INCLUDE_SOURCE;
				MTL_FAST_MATH = YES;
				ONLY_ACTIVE_ARCH = YES;
				PRODUCT_NAME = "$(TARGET_NAME)";
				SDKROOT = macosx;
				SWIFT_ACTIVE_COMPILATION_CONDITIONS = DEBUG;
				SWIFT_OPTIMIZATION_LEVEL = "-Onone";
				SWIFT_VERSION = 5.0;
			};
			name = Debug;
		};
		54BD7A9F8A767B2109017A64 /* Debug */ = {
			isa = XCBuildConfiguration;
			buildSettings = {
				ASSETCATALOG_COMPILER_APPICON_NAME = AppIcon;
				CODE_SIGN_STYLE = Automatic;
				COMBINE_HIDPI_IMAGES = YES;
				DEVELOPMENT_TEAM = "";
				ENABLE_HARDENED_RUNTIME = YES;
				INFOPLIST_FILE = EditMD/App/Info.plist;
				LD_RUNPATH_SEARCH_PATHS = (
					"$(inherited)",
					"@executable_path/../Frameworks",
				);
				MACOSX_DEPLOYMENT_TARGET = 13.0;
				PRODUCT_BUNDLE_IDENTIFIER = com.editmd.app;
				PRODUCT_NAME = EditMD;
				SDKROOT = macosx;
				SWIFT_STRICT_CONCURRENCY = complete;
				SWIFT_VERSION = 6.2;
			};
			name = Debug;
		};
		7EEB744CFFB81D7FFAEA95C9 /* Release */ = {
			isa = XCBuildConfiguration;
			buildSettings = {
				ASSETCATALOG_COMPILER_APPICON_NAME = AppIcon;
				CODE_SIGN_STYLE = Automatic;
				COMBINE_HIDPI_IMAGES = YES;
				DEVELOPMENT_TEAM = "";
				ENABLE_HARDENED_RUNTIME = YES;
				INFOPLIST_FILE = EditMD/App/Info.plist;
				LD_RUNPATH_SEARCH_PATHS = (
					"$(inherited)",
					"@executable_path/../Frameworks",
				);
				MACOSX_DEPLOYMENT_TARGET = 13.0;
				PRODUCT_BUNDLE_IDENTIFIER = com.editmd.app;
				PRODUCT_NAME = EditMD;
				SDKROOT = macosx;
				SWIFT_STRICT_CONCURRENCY = complete;
				SWIFT_VERSION = 6.2;
			};
			name = Release;
		};
/* End XCBuildConfiguration section */

/* Begin XCConfigurationList section */
		3481F674DE74254BF6475A9C /* Build configuration list for PBXNativeTarget "EditMDTests" */ = {
			isa = XCConfigurationList;
			buildConfigurations = (
				0A458C6E7A33DE5429F00502 /* Debug */,
				2AC91C2CA096F7DB5AE880EB /* Release */,
			);
			defaultConfigurationIsVisible = 0;
			defaultConfigurationName = Debug;
		};
		A8E4A7CAE2C1F6AF58CA373F /* Build configuration list for PBXNativeTarget "EditMD" */ = {
			isa = XCConfigurationList;
			buildConfigurations = (
				54BD7A9F8A767B2109017A64 /* Debug */,
				7EEB744CFFB81D7FFAEA95C9 /* Release */,
			);
			defaultConfigurationIsVisible = 0;
			defaultConfigurationName = Debug;
		};
		DAA6D644025298526166F734 /* Build configuration list for PBXProject "EditMD" */ = {
			isa = XCConfigurationList;
			buildConfigurations = (
				3C36D493BD72519CD49DD5E5 /* Debug */,
				3B261CB551C32D3A520308CE /* Release */,
			);
			defaultConfigurationIsVisible = 0;
			defaultConfigurationName = Debug;
		};
/* End XCConfigurationList section */

/* Begin XCRemoteSwiftPackageReference section */
		D2483951BCC336A88DEFE4A8 /* XCRemoteSwiftPackageReference "swift-markdown" */ = {
			isa = XCRemoteSwiftPackageReference;
			repositoryURL = "https://github.com/apple/swift-markdown";
			requirement = {
				kind = upToNextMajorVersion;
				minimumVersion = 0.7.3;
			};
		};
/* End XCRemoteSwiftPackageReference section */

/* Begin XCSwiftPackageProductDependency section */
		2DE5E72B6D910282961D4DE5 /* Markdown */ = {
			isa = XCSwiftPackageProductDependency;
			package = D2483951BCC336A88DEFE4A8 /* XCRemoteSwiftPackageReference "swift-markdown" */;
			productName = Markdown;
		};
		C751A146F893A369A160F144 /* Markdown */ = {
			isa = XCSwiftPackageProductDependency;
			package = D2483951BCC336A88DEFE4A8 /* XCRemoteSwiftPackageReference "swift-markdown" */;
			productName = Markdown;
		};
/* End XCSwiftPackageProductDependency section */
	};
	rootObject = 55100F6B68E83BE749C519C0 /* Project object */;
}
