// !$*UTF8*$!
{
	archiveVersion = 1;
	classes = {
	};
	objectVersion = 77;
	objects = {

/* Begin PBXBuildFile section */
		00C5A7CF1EEDAF4F103444B5 /* MarkdownUI in Frameworks */ = {isa = PBXBuildFile; productRef = 2E58C782547B2F7B0A9CCE90 /* MarkdownUI */; };
		067835DEDC719DB7AB5319F4 /* EditorWindowController.swift in Sources */ = {isa = PBXBuildFile; fileRef = E850FC83B54D176ECFED7A58 /* EditorWindowController.swift */; };
		0F96C47C1A1CCA1210F1BD5E /* MarkdownPreviewView.swift in Sources */ = {isa = PBXBuildFile; fileRef = 437866ECDC36D19D4993CF5E /* MarkdownPreviewView.swift */; };
		20CAB289D9FA8A84DAF9A921 /* EditorViewController.swift in Sources */ = {isa = PBXBuildFile; fileRef = 55BF243CAFB6D753E1028AFC /* EditorViewController.swift */; };
		36EC931E76830B6AD1B1C4D5 /* MarkdownDocument.swift in Sources */ = {isa = PBXBuildFile; fileRef = F3D4A22DA77E17372D05528F /* MarkdownDocument.swift */; };
		8F82A47B4BB230F68A0480E8 /* MarkdownEditorView.swift in Sources */ = {isa = PBXBuildFile; fileRef = A521B8154671E627BCFA7454 /* MarkdownEditorView.swift */; };
		B8AFDF57F19025E8B002F0E3 /* AppDelegate.swift in Sources */ = {isa = PBXBuildFile; fileRef = CFAB2E84EB730567221C4320 /* AppDelegate.swift */; };
/* End PBXBuildFile section */

/* Begin PBXFileReference section */
		437866ECDC36D19D4993CF5E /* MarkdownPreviewView.swift */ = {isa = PBXFileReference; lastKnownFileType = sourcecode.swift; path = MarkdownPreviewView.swift; sourceTree = "<group>"; };
		55BF243CAFB6D753E1028AFC /* EditorViewController.swift */ = {isa = PBXFileReference; lastKnownFileType = sourcecode.swift; path = EditorViewController.swift; sourceTree = "<group>"; };
		82D8BF400E9D538C51E10B8F /* EditMD.app */ = {isa = PBXFileReference; explicitFileType = wrapper.application; includeInIndex = 0; path = EditMD.app; sourceTree = BUILT_PRODUCTS_DIR; };
		86F9ED453EE48ACB9CABC905 /* Info.plist */ = {isa = PBXFileReference; lastKnownFileType = text.plist; path = Info.plist; sourceTree = "<group>"; };
		A521B8154671E627BCFA7454 /* MarkdownEditorView.swift */ = {isa = PBXFileReference; lastKnownFileType = sourcecode.swift; path = MarkdownEditorView.swift; sourceTree = "<group>"; };
		CFAB2E84EB730567221C4320 /* AppDelegate.swift */ = {isa = PBXFileReference; lastKnownFileType = sourcecode.swift; path = AppDelegate.swift; sourceTree = "<group>"; };
		E850FC83B54D176ECFED7A58 /* EditorWindowController.swift */ = {isa = PBXFileReference; lastKnownFileType = sourcecode.swift; path = EditorWindowController.swift; sourceTree = "<group>"; };
		F3D4A22DA77E17372D05528F /* MarkdownDocument.swift */ = {isa = PBXFileReference; lastKnownFileType = sourcecode.swift; path = MarkdownDocument.swift; sourceTree = "<group>"; };
/* End PBXFileReference section */

/* Begin PBXFrameworksBuildPhase section */
		3A5F6828D0E4DC808334D2FE /* Frameworks */ = {
			isa = PBXFrameworksBuildPhase;
			buildActionMask = 2147483647;
			files = (
				00C5A7CF1EEDAF4F103444B5 /* MarkdownUI in Frameworks */,
			);
			runOnlyForDeploymentPostprocessing = 0;
		};
/* End PBXFrameworksBuildPhase section */

/* Begin PBXGroup section */
		2A44F91CD35864B76B661F7F /* EditMD */ = {
			isa = PBXGroup;
			children = (
				AB4E88909F803815CFB42E20 /* App */,
				6E3AE222DE6F4AC61615C9C8 /* Document */,
				45FF45112BA24B394DC47DE6 /* Editor */,
				E604879BA5B11DF3CA7650BF /* Resources */,
				65C7C369C30DEA414280104E /* Views */,
			);
			path = EditMD;
			sourceTree = "<group>";
		};
		45FF45112BA24B394DC47DE6 /* Editor */ = {
			isa = PBXGroup;
			children = (
				55BF243CAFB6D753E1028AFC /* EditorViewController.swift */,
				E850FC83B54D176ECFED7A58 /* EditorWindowController.swift */,
			);
			path = Editor;
			sourceTree = "<group>";
		};
		61FDC8302754468698E412CF = {
			isa = PBXGroup;
			children = (
				2A44F91CD35864B76B661F7F /* EditMD */,
				A1087D93804719B777F561BA /* Products */,
			);
			sourceTree = "<group>";
		};
		65C7C369C30DEA414280104E /* Views */ = {
			isa = PBXGroup;
			children = (
				A521B8154671E627BCFA7454 /* MarkdownEditorView.swift */,
				437866ECDC36D19D4993CF5E /* MarkdownPreviewView.swift */,
			);
			path = Views;
			sourceTree = "<group>";
		};
		6E3AE222DE6F4AC61615C9C8 /* Document */ = {
			isa = PBXGroup;
			children = (
				F3D4A22DA77E17372D05528F /* MarkdownDocument.swift */,
			);
			path = Document;
			sourceTree = "<group>";
		};
		A1087D93804719B777F561BA /* Products */ = {
			isa = PBXGroup;
			children = (
				82D8BF400E9D538C51E10B8F /* EditMD.app */,
			);
			name = Products;
			sourceTree = "<group>";
		};
		AB4E88909F803815CFB42E20 /* App */ = {
			isa = PBXGroup;
			children = (
				CFAB2E84EB730567221C4320 /* AppDelegate.swift */,
				86F9ED453EE48ACB9CABC905 /* Info.plist */,
			);
			path = App;
			sourceTree = "<group>";
		};
		E604879BA5B11DF3CA7650BF /* Resources */ = {
			isa = PBXGroup;
			children = (
			);
			path = Resources;
			sourceTree = "<group>";
		};
/* End PBXGroup section */

/* Begin PBXNativeTarget section */
		A83F4158108B6E92D2C81AB7 /* EditMD */ = {
			isa = PBXNativeTarget;
			buildConfigurationList = A8E4A7CAE2C1F6AF58CA373F /* Build configuration list for PBXNativeTarget "EditMD" */;
			buildPhases = (
				2F30CE9651E41CA03F8098FB /* Sources */,
				3A5F6828D0E4DC808334D2FE /* Frameworks */,
			);
			buildRules = (
			);
			dependencies = (
			);
			name = EditMD;
			packageProductDependencies = (
				2E58C782547B2F7B0A9CCE90 /* MarkdownUI */,
			);
			productName = EditMD;
			productReference = 82D8BF400E9D538C51E10B8F /* EditMD.app */;
			productType = "com.apple.product-type.application";
		};
/* End PBXNativeTarget section */

/* Begin PBXProject section */
		55100F6B68E83BE749C519C0 /* Project object */ = {
			isa = PBXProject;
			attributes = {
				BuildIndependentTargetsInParallel = YES;
				LastUpgradeCheck = 1600;
				TargetAttributes = {
					A83F4158108B6E92D2C81AB7 = {
						DevelopmentTeam = "";
						ProvisioningStyle = Automatic;
					};
				};
			};
			buildConfigurationList = DAA6D644025298526166F734 /* Build configuration list for PBXProject "EditMD" */;
			compatibilityVersion = "Xcode 14.0";
			developmentRegion = en;
			hasScannedForEncodings = 0;
			knownRegions = (
				Base,
				en,
			);
			mainGroup = 61FDC8302754468698E412CF;
			minimizedProjectReferenceProxies = 1;
			packageReferences = (
				9A37EAF2E377AC70901CCB37 /* XCRemoteSwiftPackageReference "swift-markdown-ui" */,
			);
			preferredProjectObjectVersion = 77;
			projectDirPath = "";
			projectRoot = "";
			targets = (
				A83F4158108B6E92D2C81AB7 /* EditMD */,
			);
		};
/* End PBXProject section */

/* Begin PBXSourcesBuildPhase section */
		2F30CE9651E41CA03F8098FB /* Sources */ = {
			isa = PBXSourcesBuildPhase;
			buildActionMask = 2147483647;
			files = (
				B8AFDF57F19025E8B002F0E3 /* AppDelegate.swift in Sources */,
				20CAB289D9FA8A84DAF9A921 /* EditorViewController.swift in Sources */,
				067835DEDC719DB7AB5319F4 /* EditorWindowController.swift in Sources */,
				36EC931E76830B6AD1B1C4D5 /* MarkdownDocument.swift in Sources */,
				8F82A47B4BB230F68A0480E8 /* MarkdownEditorView.swift in Sources */,
				0F96C47C1A1CCA1210F1BD5E /* MarkdownPreviewView.swift in Sources */,
			);
			runOnlyForDeploymentPostprocessing = 0;
		};
/* End PBXSourcesBuildPhase section */

/* Begin XCBuildConfiguration section */
		3B261CB551C32D3A520308CE /* Release */ = {
			isa = XCBuildConfiguration;
			buildSettings = {
				ALWAYS_SEARCH_USER_PATHS = NO;
				CLANG_ANALYZER_NONNULL = YES;
				CLANG_ANALYZER_NUMBER_OBJECT_CONVERSION = YES_AGGRESSIVE;
				CLANG_CXX_LANGUAGE_STANDARD = "gnu++14";
				CLANG_CXX_LIBRARY = "libc++";
				CLANG_ENABLE_MODULES = YES;
				CLANG_ENABLE_OBJC_ARC = YES;
				CLANG_ENABLE_OBJC_WEAK = YES;
				CLANG_WARN_BLOCK_CAPTURE_AUTORELEASING = YES;
				CLANG_WARN_BOOL_CONVERSION = YES;
				CLANG_WARN_COMMA = YES;
				CLANG_WARN_CONSTANT_CONVERSION = YES;
				CLANG_WARN_DEPRECATED_OBJC_IMPLEMENTATIONS = YES;
				CLANG_WARN_DIRECT_OBJC_ISA_USAGE = YES_ERROR;
				CLANG_WARN_DOCUMENTATION_COMMENTS = YES;
				CLANG_WARN_EMPTY_BODY = YES;
				CLANG_WARN_ENUM_CONVERSION = YES;
				CLANG_WARN_INFINITE_RECURSION = YES;
				CLANG_WARN_INT_CONVERSION = YES;
				CLANG_WARN_NON_LITERAL_NULL_CONVERSION = YES;
				CLANG_WARN_OBJC_IMPLICIT_RETAIN_SELF = YES;
				CLANG_WARN_OBJC_LITERAL_CONVERSION = YES;
				CLANG_WARN_OBJC_ROOT_CLASS = YES_ERROR;
				CLANG_WARN_QUOTED_INCLUDE_IN_FRAMEWORK_HEADER = YES;
				CLANG_WARN_RANGE_LOOP_ANALYSIS = YES;
				CLANG_WARN_STRICT_PROTOTYPES = YES;
				CLANG_WARN_SUSPICIOUS_MOVE = YES;
				CLANG_WARN_UNGUARDED_AVAILABILITY = YES_AGGRESSIVE;
				CLANG_WARN_UNREACHABLE_CODE = YES;
				CLANG_WARN__DUPLICATE_METHOD_MATCH = YES;
				COPY_PHASE_STRIP = NO;
				DEBUG_INFORMATION_FORMAT = "dwarf-with-dsym";
				ENABLE_NS_ASSERTIONS = NO;
				ENABLE_STRICT_OBJC_MSGSEND = YES;
				GCC_C_LANGUAGE_STANDARD = gnu11;
				GCC_NO_COMMON_BLOCKS = YES;
				GCC_WARN_64_TO_32_BIT_CONVERSION = YES;
				GCC_WARN_ABOUT_RETURN_TYPE = YES_ERROR;
				GCC_WARN_UNDECLARED_SELECTOR = YES;
				GCC_WARN_UNINITIALIZED_AUTOS = YES_AGGRESSIVE;
				GCC_WARN_UNUSED_FUNCTION = YES;
				GCC_WARN_UNUSED_VARIABLE = YES;
				MACOSX_DEPLOYMENT_TARGET = 13.0;
				MTL_ENABLE_DEBUG_INFO = NO;
				MTL_FAST_MATH = YES;
				PRODUCT_NAME = "$(TARGET_NAME)";
				SDKROOT = macosx;
				SWIFT_COMPILATION_MODE = wholemodule;
				SWIFT_OPTIMIZATION_LEVEL = "-O";
				SWIFT_VERSION = 5.0;
			};
			name = Release;
		};
		3C36D493BD72519CD49DD5E5 /* Debug */ = {
			isa = XCBuildConfiguration;
			buildSettings = {
				ALWAYS_SEARCH_USER_PATHS = NO;
				CLANG_ANALYZER_NONNULL = YES;
				CLANG_ANALYZER_NUMBER_OBJECT_CONVERSION = YES_AGGRESSIVE;
				CLANG_CXX_LANGUAGE_STANDARD = "gnu++14";
				CLANG_CXX_LIBRARY = "libc++";
				CLANG_ENABLE_MODULES = YES;
				CLANG_ENABLE_OBJC_ARC = YES;
				CLANG_ENABLE_OBJC_WEAK = YES;
				CLANG_WARN_BLOCK_CAPTURE_AUTORELEASING = YES;
				CLANG_WARN_BOOL_CONVERSION = YES;
				CLANG_WARN_COMMA = YES;
				CLANG_WARN_CONSTANT_CONVERSION = YES;
				CLANG_WARN_DEPRECATED_OBJC_IMPLEMENTATIONS = YES;
				CLANG_WARN_DIRECT_OBJC_ISA_USAGE = YES_ERROR;
				CLANG_WARN_DOCUMENTATION_COMMENTS = YES;
				CLANG_WARN_EMPTY_BODY = YES;
				CLANG_WARN_ENUM_CONVERSION = YES;
				CLANG_WARN_INFINITE_RECURSION = YES;
				CLANG_WARN_INT_CONVERSION = YES;
				CLANG_WARN_NON_LITERAL_NULL_CONVERSION = YES;
				CLANG_WARN_OBJC_IMPLICIT_RETAIN_SELF = YES;
				CLANG_WARN_OBJC_LITERAL_CONVERSION = YES;
				CLANG_WARN_OBJC_ROOT_CLASS = YES_ERROR;
				CLANG_WARN_QUOTED_INCLUDE_IN_FRAMEWORK_HEADER = YES;
				CLANG_WARN_RANGE_LOOP_ANALYSIS = YES;
				CLANG_WARN_STRICT_PROTOTYPES = YES;
				CLANG_WARN_SUSPICIOUS_MOVE = YES;
				CLANG_WARN_UNGUARDED_AVAILABILITY = YES_AGGRESSIVE;
				CLANG_WARN_UNREACHABLE_CODE = YES;
				CLANG_WARN__DUPLICATE_METHOD_MATCH = YES;
				COPY_PHASE_STRIP = NO;
				DEBUG_INFORMATION_FORMAT = dwarf;
				ENABLE_STRICT_OBJC_MSGSEND = YES;
				ENABLE_TESTABILITY = YES;
				GCC_C_LANGUAGE_STANDARD = gnu11;
				GCC_DYNAMIC_NO_PIC = NO;
				GCC_NO_COMMON_BLOCKS = YES;
				GCC_OPTIMIZATION_LEVEL = 0;
				GCC_PREPROCESSOR_DEFINITIONS = (
					"$(inherited)",
					"DEBUG=1",
				);
				GCC_WARN_64_TO_32_BIT_CONVERSION = YES;
				GCC_WARN_ABOUT_RETURN_TYPE = YES_ERROR;
				GCC_WARN_UNDECLARED_SELECTOR = YES;
				GCC_WARN_UNINITIALIZED_AUTOS = YES_AGGRESSIVE;
				GCC_WARN_UNUSED_FUNCTION = YES;
				GCC_WARN_UNUSED_VARIABLE = YES;
				MACOSX_DEPLOYMENT_TARGET = 13.0;
				MTL_ENABLE_DEBUG_INFO = INCLUDE_SOURCE;
				MTL_FAST_MATH = YES;
				ONLY_ACTIVE_ARCH = YES;
				PRODUCT_NAME = "$(TARGET_NAME)";
				SDKROOT = macosx;
				SWIFT_ACTIVE_COMPILATION_CONDITIONS = DEBUG;
				SWIFT_OPTIMIZATION_LEVEL = "-Onone";
				SWIFT_VERSION = 5.0;
			};
			name = Debug;
		};
		54BD7A9F8A767B2109017A64 /* Debug */ = {
			isa = XCBuildConfiguration;
			buildSettings = {
				ASSETCATALOG_COMPILER_APPICON_NAME = AppIcon;
				CODE_SIGN_STYLE = Automatic;
				COMBINE_HIDPI_IMAGES = YES;
				DEVELOPMENT_TEAM = "";
				ENABLE_HARDENED_RUNTIME = YES;
				INFOPLIST_FILE = EditMD/App/Info.plist;
				LD_RUNPATH_SEARCH_PATHS = (
					"$(inherited)",
					"@executable_path/../Frameworks",
				);
				MACOSX_DEPLOYMENT_TARGET = 13.0;
				PRODUCT_BUNDLE_IDENTIFIER = com.editmd.app;
				PRODUCT_NAME = EditMD;
				SDKROOT = macosx;
				SWIFT_STRICT_CONCURRENCY = complete;
				SWIFT_VERSION = 6.0;
			};
			name = Debug;
		};
		7EEB744CFFB81D7FFAEA95C9 /* Release */ = {
			isa = XCBuildConfiguration;
			buildSettings = {
				ASSETCATALOG_COMPILER_APPICON_NAME = AppIcon;
				CODE_SIGN_STYLE = Automatic;
				COMBINE_HIDPI_IMAGES = YES;
				DEVELOPMENT_TEAM = "";
				ENABLE_HARDENED_RUNTIME = YES;
				INFOPLIST_FILE = EditMD/App/Info.plist;
				LD_RUNPATH_SEARCH_PATHS = (
					"$(inherited)",
					"@executable_path/../Frameworks",
				);
				MACOSX_DEPLOYMENT_TARGET = 13.0;
				PRODUCT_BUNDLE_IDENTIFIER = com.editmd.app;
				PRODUCT_NAME = EditMD;
				SDKROOT = macosx;
				SWIFT_STRICT_CONCURRENCY = complete;
				SWIFT_VERSION = 6.0;
			};
			name = Release;
		};
/* End XCBuildConfiguration section */

/* Begin XCConfigurationList section */
		A8E4A7CAE2C1F6AF58CA373F /* Build configuration list for PBXNativeTarget "EditMD" */ = {
			isa = XCConfigurationList;
			buildConfigurations = (
				54BD7A9F8A767B2109017A64 /* Debug */,
				7EEB744CFFB81D7FFAEA95C9 /* Release */,
			);
			defaultConfigurationIsVisible = 0;
			defaultConfigurationName = Debug;
		};
		DAA6D644025298526166F734 /* Build configuration list for PBXProject "EditMD" */ = {
			isa = XCConfigurationList;
			buildConfigurations = (
				3C36D493BD72519CD49DD5E5 /* Debug */,
				3B261CB551C32D3A520308CE /* Release */,
			);
			defaultConfigurationIsVisible = 0;
			defaultConfigurationName = Debug;
		};
/* End XCConfigurationList section */

/* Begin XCRemoteSwiftPackageReference section */
		9A37EAF2E377AC70901CCB37 /* XCRemoteSwiftPackageReference "swift-markdown-ui" */ = {
			isa = XCRemoteSwiftPackageReference;
			repositoryURL = "https://github.com/gonzalezreal/swift-markdown-ui";
			requirement = {
				kind = upToNextMajorVersion;
				minimumVersion = 2.0.2;
			};
		};
/* End XCRemoteSwiftPackageReference section */

/* Begin XCSwiftPackageProductDependency section */
		2E58C782547B2F7B0A9CCE90 /* MarkdownUI */ = {
			isa = XCSwiftPackageProductDependency;
			package = 9A37EAF2E377AC70901CCB37 /* XCRemoteSwiftPackageReference "swift-markdown-ui" */;
			productName = MarkdownUI;
		};
/* End XCSwiftPackageProductDependency section */
	};
	rootObject = 55100F6B68E83BE749C519C0 /* Project object */;
}
