// !$*UTF8*$!
{
	archiveVersion = 1;
	classes = {
	};
	objectVersion = 77;
	objects = {

/* Begin PBXBuildFile section */
		00C5A7CF1EEDAF4F103444B5 /* Markdown in Frameworks */ = {isa = PBXBuildFile; productRef = C751A146F893A369A160F144 /* Markdown */; };
		0D9CBEED29BD9DB77F8AC60A /* EditorTheme.swift in Sources */ = {isa = PBXBuildFile; fileRef = 0D4DBEB9C88600602D1E9C67 /* EditorTheme.swift */; };
		0F96C47C1A1CCA1210F1BD5E /* MarkdownPreviewView.swift in Sources */ = {isa = PBXBuildFile; fileRef = 437866ECDC36D19D4993CF5E /* MarkdownPreviewView.swift */; };
		29B49A2B1F1193ED3E858E2F /* FormattingHelpersTests.swift in Sources */ = {isa = PBXBuildFile; fileRef = 703CA6794BAE5546ADC06370 /* FormattingHelpersTests.swift */; };
		2B3D81A455822ED02A0164B2 /* Markdown in Frameworks */ = {isa = PBXBuildFile; productRef = 2DE5E72B6D910282961D4DE5 /* Markdown */; };
		36EC931E76830B6AD1B1C4D5 /* MarkdownDocument.swift in Sources */ = {isa = PBXBuildFile; fileRef = F3D4A22DA77E17372D05528F /* MarkdownDocument.swift */; };
		3E483A036C489B19FC7CE13B /* MarkdownHighlighter.swift in Sources */ = {isa = PBXBuildFile; fileRef = 73443608878228D727F6A239 /* MarkdownHighlighter.swift */; };
		50705B111883CA8B9D1B1F24 /* MarkdownTextView.swift in Sources */ = {isa = PBXBuildFile; fileRef = 0B067C609B41D3BBD819F0CF /* MarkdownTextView.swift */; };
		69034FDFA4F9C877EAFE1C56 /* FormattingHelpers.swift in Sources */ = {isa = PBXBuildFile; fileRef = 699B6916CC8820D33D30549E /* FormattingHelpers.swift */; };
		72C6BA1720506EAE368C880C /* EditorMode.swift in Sources */ = {isa = PBXBuildFile; fileRef = 76CFD41043AC7BDE423F87F1 /* EditorMode.swift */; };
		75ED2C4FF8872DD52EDB4BD2 /* ContentView.swift in Sources */ = {isa = PBXBuildFile; fileRef = 92161BAEF22CB4D7970B98F1 /* ContentView.swift */; };
		8C6DCEE9C17EAEDC106316B9 /* EditMenuTests.swift in Sources */ = {isa = PBXBuildFile; fileRef = DAEEE1AA157CDFE8823C73A1 /* EditMenuTests.swift */; };
		9D4657767848E11CF7714FCD /* FocusedValues.swift in Sources */ = {isa = PBXBuildFile; fileRef = 299C8B043AA3EB547F3F8B71 /* FocusedValues.swift */; };
		B8C565E206D80AB162BE9AFF /* MarkdownHTMLTests.swift in Sources */ = {isa = PBXBuildFile; fileRef = B5D846CE48E058A5CF592086 /* MarkdownHTMLTests.swift */; };
		DB490D4FE279C4551AFF0CAA /* MarkdownHighlighterTests.swift in Sources */ = {isa = PBXBuildFile; fileRef = 55259E1AF23DB7613E7106E3 /* MarkdownHighlighterTests.swift */; };
		E9B12661CB0A36CB8A634015 /* EditMDApp.swift in Sources */ = {isa = PBXBuildFile; fileRef = 56FF3BD17201E239817B79BA /* EditMDApp.swift */; };
		ED3F58F1C744B0A9E4947E7B /* EditorFontSettings.swift in Sources */ = {isa = PBXBuildFile; fileRef = CC7AC06CD2122D346D468B73 /* EditorFontSettings.swift */; };
		FC3186EAE0C45CF6A7A4EFAC /* MarkdownHTML.swift in Sources */ = {isa = PBXBuildFile; fileRef = 6B7E13F1F9342FAE1AD367A7 /* MarkdownHTML.swift */; };
/* End PBXBuildFile section */

/* Begin PBXContainerItemProxy section */
		583383A64B11DCCB3B2A49F1 /* PBXContainerItemProxy */ = {
			isa = PBXContainerItemProxy;
			containerPortal = 55100F6B68E83BE749C519C0 /* Project object */;
			proxyType = 1;
			remoteGlobalIDString = A83F4158108B6E92D2C81AB7;
			remoteInfo = EditMD;
		};
/* End PBXContainerItemProxy section */

/* Begin PBXFileReference section */
		0B067C609B41D3BBD819F0CF /* MarkdownTextView.swift */ = {isa = PBXFileReference; lastKnownFileType = sourcecode.swift; path = MarkdownTextView.swift; sourceTree = "<group>"; };
		0D4DBEB9C88600602D1E9C67 /* EditorTheme.swift */ = {isa = PBXFileReference; lastKnownFileType = sourcecode.swift; path = EditorTheme.swift; sourceTree = "<group>"; };
		299C8B043AA3EB547F3F8B71 /* FocusedValues.swift */ = {isa = PBXFileReference; lastKnownFileType = sourcecode.swift; path = FocusedValues.swift; sourceTree = "<group>"; };
		437866ECDC36D19D4993CF5E /* MarkdownPreviewView.swift */ = {isa = PBXFileReference; lastKnownFileType = sourcecode.swift; path = MarkdownPreviewView.swift; sourceTree = "<group>"; };
		55259E1AF23DB7613E7106E3 /* MarkdownHighlighterTests.swift */ = {isa = PBXFileReference; lastKnownFileType = sourcecode.swift; path = MarkdownHighlighterTests.swift; sourceTree = "<group>"; };
		56FF3BD17201E239817B79BA /* EditMDApp.swift */ = {isa = PBXFileReference; lastKnownFileType = sourcecode.swift; path = EditMDApp.swift; sourceTree = "<group>"; };
		699B6916CC8820D33D30549E /* FormattingHelpers.swift */ = {isa = PBXFileReference; lastKnownFileType = sourcecode.swift; path = FormattingHelpers.swift; sourceTree = "<group>"; };
		6B7E13F1F9342FAE1AD367A7 /* MarkdownHTML.swift */ = {isa = PBXFileReference; lastKnownFileType = sourcecode.swift; path = MarkdownHTML.swift; sourceTree = "<group>"; };
		703CA6794BAE5546ADC06370 /* FormattingHelpersTests.swift */ = {isa = PBXFileReference; lastKnownFileType = sourcecode.swift; path = FormattingHelpersTests.swift; sourceTree = "<group>"; };
		73443608878228D727F6A239 /* MarkdownHighlighter.swift */ = {isa = PBXFileReference; lastKnownFileType = sourcecode.swift; path = MarkdownHighlighter.swift; sourceTree = "<group>"; };
		76CFD41043AC7BDE423F87F1 /* EditorMode.swift */ = {isa = PBXFileReference; lastKnownFileType = sourcecode.swift; path = EditorMode.swift; sourceTree = "<group>"; };
		82D8BF400E9D538C51E10B8F /* EditMD.app */ = {isa = PBXFileReference; explicitFileType = wrapper.application; includeInIndex = 0; path = EditMD.app; sourceTree = BUILT_PRODUCTS_DIR; };
		86F9ED453EE48ACB9CABC905 /* Info.plist */ = {isa = PBXFileReference; lastKnownFileType = text.plist; path = Info.plist; sourceTree = "<group>"; };
		92161BAEF22CB4D7970B98F1 /* ContentView.swift */ = {isa = PBXFileReference; lastKnownFileType = sourcecode.swift; path = ContentView.swift; sourceTree = "<group>"; };
		B0C706ADFA88BEB3B4664DB8 /* EditMDTests.xctest */ = {isa = PBXFileReference; explicitFileType = wrapper.cfbundle; includeInIndex = 0; path = EditMDTests.xctest; sourceTree = BUILT_PRODUCTS_DIR; };
		B5D846CE48E058A5CF592086 /* MarkdownHTMLTests.swift */ = {isa = PBXFileReference; lastKnownFileType = sourcecode.swift; path = MarkdownHTMLTests.swift; sourceTree = "<group>"; };
		CC7AC06CD2122D346D468B73 /* EditorFontSettings.swift */ = {isa = PBXFileReference; lastKnownFileType = sourcecode.swift; path = EditorFontSettings.swift; sourceTree = "<group>"; };
		DAEEE1AA157CDFE8823C73A1 /* EditMenuTests.swift */ = {isa = PBXFileReference; lastKnownFileType = sourcecode.swift; path = EditMenuTests.swift; sourceTree = "<group>"; };
		F3D4A22DA77E17372D05528F /* MarkdownDocument.swift */ = {isa = PBXFileReference; lastKnownFileType = sourcecode.swift; path = MarkdownDocument.swift; sourceTree = "<group>"; };
/* End PBXFileReference section */

/* Begin PBXFrameworksBuildPhase section */
		3A5F6828D0E4DC808334D2FE /* Frameworks */ = {
			isa = PBXFrameworksBuildPhase;
			buildActionMask = 2147483647;
			files = (
				00C5A7CF1EEDAF4F103444B5 /* Markdown in Frameworks */,
			);
			runOnlyForDeploymentPostprocessing = 0;
		};
		96488CDA746086B47B80AF47 /* Frameworks */ = {
			isa = PBXFrameworksBuildPhase;
			buildActionMask = 2147483647;
			files = (
				2B3D81A455822ED02A0164B2 /* Markdown in Frameworks */,
			);
			runOnlyForDeploymentPostprocessing = 0;
		};
/* End PBXFrameworksBuildPhase section */

/* Begin PBXGroup section */
		2A44F91CD35864B76B661F7F /* EditMD */ = {
			isa = PBXGroup;
			children = (
				AB4E88909F803815CFB42E20 /* App */,
				6E3AE222DE6F4AC61615C9C8 /* Document */,
				45FF45112BA24B394DC47DE6 /* Editor */,
				E604879BA5B11DF3CA7650BF /* Resources */,
				65C7C369C30DEA414280104E /* Views */,
			);
			path = EditMD;
			sourceTree = "<group>";
		};
		45FF45112BA24B394DC47DE6 /* Editor */ = {
			isa = PBXGroup;
			children = (
				0D4DBEB9C88600602D1E9C67 /* EditorTheme.swift */,
				699B6916CC8820D33D30549E /* FormattingHelpers.swift */,
				73443608878228D727F6A239 /* MarkdownHighlighter.swift */,
				6B7E13F1F9342FAE1AD367A7 /* MarkdownHTML.swift */,
				0B067C609B41D3BBD819F0CF /* MarkdownTextView.swift */,
			);
			path = Editor;
			sourceTree = "<group>";
		};
		61FDC8302754468698E412CF = {
			isa = PBXGroup;
			children = (
				2A44F91CD35864B76B661F7F /* EditMD */,
				BB2D9D688B6394A586DDEF3F /* EditMDTests */,
				A1087D93804719B777F561BA /* Products */,
			);
			sourceTree = "<group>";
		};
		65C7C369C30DEA414280104E /* Views */ = {
			isa = PBXGroup;
			children = (
				92161BAEF22CB4D7970B98F1 /* ContentView.swift */,
				CC7AC06CD2122D346D468B73 /* EditorFontSettings.swift */,
				76CFD41043AC7BDE423F87F1 /* EditorMode.swift */,
				299C8B043AA3EB547F3F8B71 /* FocusedValues.swift */,
				437866ECDC36D19D4993CF5E /* MarkdownPreviewView.swift */,
			);
			path = Views;
			sourceTree = "<group>";
		};
		6E3AE222DE6F4AC61615C9C8 /* Document */ = {
			isa = PBXGroup;
			children = (
				F3D4A22DA77E17372D05528F /* MarkdownDocument.swift */,
			);
			path = Document;
			sourceTree = "<group>";
		};
		A1087D93804719B777F561BA /* Products */ = {
			isa = PBXGroup;
			children = (
				82D8BF400E9D538C51E10B8F /* EditMD.app */,
				B0C706ADFA88BEB3B4664DB8 /* EditMDTests.xctest */,
			);
			name = Products;
			sourceTree = "<group>";
		};
		AB4E88909F803815CFB42E20 /* App */ = {
			isa = PBXGroup;
			children = (
				56FF3BD17201E239817B79BA /* EditMDApp.swift */,
				86F9ED453EE48ACB9CABC905 /* Info.plist */,
			);
			path = App;
			sourceTree = "<group>";
		};
		BB2D9D688B6394A586DDEF3F /* EditMDTests */ = {
			isa = PBXGroup;
			children = (
				DAEEE1AA157CDFE8823C73A1 /* EditMenuTests.swift */,
				703CA6794BAE5546ADC06370 /* FormattingHelpersTests.swift */,
				55259E1AF23DB7613E7106E3 /* MarkdownHighlighterTests.swift */,
				B5D846CE48E058A5CF592086 /* MarkdownHTMLTests.swift */,
			);
			path = EditMDTests;
			sourceTree = "<group>";
		};
		E604879BA5B11DF3CA7650BF /* Resources */ = {
			isa = PBXGroup;
			children = (
			);
			path = Resources;
			sourceTree = "<group>";
		};
/* End PBXGroup section */

/* Begin PBXNativeTarget section */
		A83F4158108B6E92D2C81AB7 /* EditMD */ = {
			isa = PBXNativeTarget;
			buildConfigurationList = A8E4A7CAE2C1F6AF58CA373F /* Build configuration list for PBXNativeTarget "EditMD" */;
			buildPhases = (
				2F30CE9651E41CA03F8098FB /* Sources */,
				3A5F6828D0E4DC808334D2FE /* Frameworks */,
			);
			buildRules = (
			);
			dependencies = (
			);
			name = EditMD;
			packageProductDependencies = (
				C751A146F893A369A160F144 /* Markdown */,
			);
			productName = EditMD;
			productReference = 82D8BF400E9D538C51E10B8F /* EditMD.app */;
			productType = "com.apple.product-type.application";
		};
		F633B8F3635FA091ACD8CA76 /* EditMDTests */ = {
			isa = PBXNativeTarget;
			buildConfigurationList = 3481F674DE74254BF6475A9C /* Build configuration list for PBXNativeTarget "EditMDTests" */;
			buildPhases = (
				2C4DBF1892EC458D036BE01B /* Sources */,
				96488CDA746086B47B80AF47 /* Frameworks */,
			);
			buildRules = (
			);
			dependencies = (
				99303499A8D9E59B70437596 /* PBXTargetDependency */,
			);
			name = EditMDTests;
			packageProductDependencies = (
				2DE5E72B6D910282961D4DE5 /* Markdown */,
			);
			productName = EditMDTests;
			productReference = B0C706ADFA88BEB3B4664DB8 /* EditMDTests.xctest */;
			productType = "com.apple.product-type.bundle.unit-test";
		};
/* End PBXNativeTarget section */

/* Begin PBXProject section */
		55100F6B68E83BE749C519C0 /* Project object */ = {
			isa = PBXProject;
			attributes = {
				BuildIndependentTargetsInParallel = YES;
				LastUpgradeCheck = 1600;
				TargetAttributes = {
					A83F4158108B6E92D2C81AB7 = {
						DevelopmentTeam = "";
						ProvisioningStyle = Automatic;
					};
				};
			};
			buildConfigurationList = DAA6D644025298526166F734 /* Build configuration list for PBXProject "EditMD" */;
			developmentRegion = en;
			hasScannedForEncodings = 0;
			knownRegions = (
				Base,
				en,
			);
			mainGroup = 61FDC8302754468698E412CF;
			minimizedProjectReferenceProxies = 1;
			packageReferences = (
				D2483951BCC336A88DEFE4A8 /* XCRemoteSwiftPackageReference "swift-markdown" */,
			);
			preferredProjectObjectVersion = 77;
			productRefGroup = A1087D93804719B777F561BA /* Products */;
			projectDirPath = "";
			projectRoot = "";
			targets = (
				A83F4158108B6E92D2C81AB7 /* EditMD */,
				F633B8F3635FA091ACD8CA76 /* EditMDTests */,
			);
		};
/* End PBXProject section */

/* Begin PBXSourcesBuildPhase section */
		2C4DBF1892EC458D036BE01B /* Sources */ = {
			isa = PBXSourcesBuildPhase;
			buildActionMask = 2147483647;
			files = (
				8C6DCEE9C17EAEDC106316B9 /* EditMenuTests.swift in Sources */,
				29B49A2B1F1193ED3E858E2F /* FormattingHelpersTests.swift in Sources */,
				B8C565E206D80AB162BE9AFF /* MarkdownHTMLTests.swift in Sources */,
				DB490D4FE279C4551AFF0CAA /* MarkdownHighlighterTests.swift in Sources */,
			);
			runOnlyForDeploymentPostprocessing = 0;
		};
		2F30CE9651E41CA03F8098FB /* Sources */ = {
			isa = PBXSourcesBuildPhase;
			buildActionMask = 2147483647;
			files = (
				75ED2C4FF8872DD52EDB4BD2 /* ContentView.swift in Sources */,
				E9B12661CB0A36CB8A634015 /* EditMDApp.swift in Sources */,
				ED3F58F1C744B0A9E4947E7B /* EditorFontSettings.swift in Sources */,
				72C6BA1720506EAE368C880C /* EditorMode.swift in Sources */,
				0D9CBEED29BD9DB77F8AC60A /* EditorTheme.swift in Sources */,
				9D4657767848E11CF7714FCD /* FocusedValues.swift in Sources */,
				69034FDFA4F9C877EAFE1C56 /* FormattingHelpers.swift in Sources */,
				36EC931E76830B6AD1B1C4D5 /* MarkdownDocument.swift in Sources */,
				FC3186EAE0C45CF6A7A4EFAC /* MarkdownHTML.swift in Sources */,
				3E483A036C489B19FC7CE13B /* MarkdownHighlighter.swift in Sources */,
				0F96C47C1A1CCA1210F1BD5E /* MarkdownPreviewView.swift in Sources */,
				50705B111883CA8B9D1B1F24 /* MarkdownTextView.swift in Sources */,
			);
			runOnlyForDeploymentPostprocessing = 0;
		};
/* End PBXSourcesBuildPhase section */

/* Begin PBXTargetDependency section */
		99303499A8D9E59B70437596 /* PBXTargetDependency */ = {
			isa = PBXTargetDependency;
			target = A83F4158108B6E92D2C81AB7 /* EditMD */;
			targetProxy = 583383A64B11DCCB3B2A49F1 /* PBXContainerItemProxy */;
		};
/* End PBXTargetDependency section */

/* Begin XCBuildConfiguration section */
		0A458C6E7A33DE5429F00502 /* Debug */ = {
			isa = XCBuildConfiguration;
			buildSettings = {
				BUNDLE_LOADER = "$(TEST_HOST)";
				COMBINE_HIDPI_IMAGES = YES;
				GENERATE_INFOPLIST_FILE = YES;
				LD_RUNPATH_SEARCH_PATHS = (
					"$(inherited)",
					"@executable_path/../Frameworks",
					"@loader_path/../Frameworks",
				);
				MACOSX_DEPLOYMENT_TARGET = 13.0;
				PRODUCT_BUNDLE_IDENTIFIER = com.editmd.tests;
				SDKROOT = macosx;
				SWIFT_STRICT_CONCURRENCY = complete;
				SWIFT_VERSION = 6.2;
				TEST_HOST = "$(BUILT_PRODUCTS_DIR)/EditMD.app/Contents/MacOS/EditMD";
			};
			name = Debug;
		};
		2AC91C2CA096F7DB5AE880EB /* Release */ = {
			isa = XCBuildConfiguration;
			buildSettings = {
				BUNDLE_LOADER = "$(TEST_HOST)";
				COMBINE_HIDPI_IMAGES = YES;
				GENERATE_INFOPLIST_FILE = YES;
				LD_RUNPATH_SEARCH_PATHS = (
					"$(inherited)",
					"@executable_path/../Frameworks",
					"@loader_path/../Frameworks",
				);
				MACOSX_DEPLOYMENT_TARGET = 13.0;
				PRODUCT_BUNDLE_IDENTIFIER = com.editmd.tests;
				SDKROOT = macosx;
				SWIFT_STRICT_CONCURRENCY = complete;
				SWIFT_VERSION = 6.2;
				TEST_HOST = "$(BUILT_PRODUCTS_DIR)/EditMD.app/Contents/MacOS/EditMD";
			};
			name = Release;
		};
		3B261CB551C32D3A520308CE /* Release */ = {
			isa = XCBuildConfiguration;
			buildSettings = {
				ALWAYS_SEARCH_USER_PATHS = NO;
				CLANG_ANALYZER_NONNULL = YES;
				CLANG_ANALYZER_NUMBER_OBJECT_CONVERSION = YES_AGGRESSIVE;
				CLANG_CXX_LANGUAGE_STANDARD = "gnu++14";
				CLANG_CXX_LIBRARY = "libc++";
				CLANG_ENABLE_MODULES = YES;
				CLANG_ENABLE_OBJC_ARC = YES;
				CLANG_ENABLE_OBJC_WEAK = YES;
				CLANG_WARN_BLOCK_CAPTURE_AUTORELEASING = YES;
				CLANG_WARN_BOOL_CONVERSION = YES;
				CLANG_WARN_COMMA = YES;
				CLANG_WARN_CONSTANT_CONVERSION = YES;
				CLANG_WARN_DEPRECATED_OBJC_IMPLEMENTATIONS = YES;
				CLANG_WARN_DIRECT_OBJC_ISA_USAGE = YES_ERROR;
				CLANG_WARN_DOCUMENTATION_COMMENTS = YES;
				CLANG_WARN_EMPTY_BODY = YES;
				CLANG_WARN_ENUM_CONVERSION = YES;
				CLANG_WARN_INFINITE_RECURSION = YES;
				CLANG_WARN_INT_CONVERSION = YES;
				CLANG_WARN_NON_LITERAL_NULL_CONVERSION = YES;
				CLANG_WARN_OBJC_IMPLICIT_RETAIN_SELF = YES;
				CLANG_WARN_OBJC_LITERAL_CONVERSION = YES;
				CLANG_WARN_OBJC_ROOT_CLASS = YES_ERROR;
				CLANG_WARN_QUOTED_INCLUDE_IN_FRAMEWORK_HEADER = YES;
				CLANG_WARN_RANGE_LOOP_ANALYSIS = YES;
				CLANG_WARN_STRICT_PROTOTYPES = YES;
				CLANG_WARN_SUSPICIOUS_MOVE = YES;
				CLANG_WARN_UNGUARDED_AVAILABILITY = YES_AGGRESSIVE;
				CLANG_WARN_UNREACHABLE_CODE = YES;
				CLANG_WARN__DUPLICATE_METHOD_MATCH = YES;
				COPY_PHASE_STRIP = NO;
				DEBUG_INFORMATION_FORMAT = "dwarf-with-dsym";
				ENABLE_NS_ASSERTIONS = NO;
				ENABLE_STRICT_OBJC_MSGSEND = YES;
				GCC_C_LANGUAGE_STANDARD = gnu11;
				GCC_NO_COMMON_BLOCKS = YES;
				GCC_WARN_64_TO_32_BIT_CONVERSION = YES;
				GCC_WARN_ABOUT_RETURN_TYPE = YES_ERROR;
				GCC_WARN_UNDECLARED_SELECTOR = YES;
				GCC_WARN_UNINITIALIZED_AUTOS = YES_AGGRESSIVE;
				GCC_WARN_UNUSED_FUNCTION = YES;
				GCC_WARN_UNUSED_VARIABLE = YES;
				MACOSX_DEPLOYMENT_TARGET = 13.0;
				MTL_ENABLE_DEBUG_INFO = NO;
				MTL_FAST_MATH = YES;
				PRODUCT_NAME = "$(TARGET_NAME)";
				SDKROOT = macosx;
				SWIFT_COMPILATION_MODE = wholemodule;
				SWIFT_OPTIMIZATION_LEVEL = "-O";
				SWIFT_VERSION = 5.0;
			};
			name = Release;
		};
		3C36D493BD72519CD49DD5E5 /* Debug */ = {
			isa = XCBuildConfiguration;
			buildSettings = {
				ALWAYS_SEARCH_USER_PATHS = NO;
				CLANG_ANALYZER_NONNULL = YES;
				CLANG_ANALYZER_NUMBER_OBJECT_CONVERSION = YES_AGGRESSIVE;
				CLANG_CXX_LANGUAGE_STANDARD = "gnu++14";
				CLANG_CXX_LIBRARY = "libc++";
				CLANG_ENABLE_MODULES = YES;
				CLANG_ENABLE_OBJC_ARC = YES;
				CLANG_ENABLE_OBJC_WEAK = YES;
				CLANG_WARN_BLOCK_CAPTURE_AUTORELEASING = YES;
				CLANG_WARN_BOOL_CONVERSION = YES;
				CLANG_WARN_COMMA = YES;
				CLANG_WARN_CONSTANT_CONVERSION = YES;
				CLANG_WARN_DEPRECATED_OBJC_IMPLEMENTATIONS = YES;
				CLANG_WARN_DIRECT_OBJC_ISA_USAGE = YES_ERROR;
				CLANG_WARN_DOCUMENTATION_COMMENTS = YES;
				CLANG_WARN_EMPTY_BODY = YES;
				CLANG_WARN_ENUM_CONVERSION = YES;
				CLANG_WARN_INFINITE_RECURSION = YES;
				CLANG_WARN_INT_CONVERSION = YES;
				CLANG_WARN_NON_LITERAL_NULL_CONVERSION = YES;
				CLANG_WARN_OBJC_IMPLICIT_RETAIN_SELF = YES;
				CLANG_WARN_OBJC_LITERAL_CONVERSION = YES;
				CLANG_WARN_OBJC_ROOT_CLASS = YES_ERROR;
				CLANG_WARN_QUOTED_INCLUDE_IN_FRAMEWORK_HEADER = YES;
				CLANG_WARN_RANGE_LOOP_ANALYSIS = YES;
				CLANG_WARN_STRICT_PROTOTYPES = YES;
				CLANG_WARN_SUSPICIOUS_MOVE = YES;
				CLANG_WARN_UNGUARDED_AVAILABILITY = YES_AGGRESSIVE;
				CLANG_WARN_UNREACHABLE_CODE = YES;
				CLANG_WARN__DUPLICATE_METHOD_MATCH = YES;
				COPY_PHASE_STRIP = NO;
				DEBUG_INFORMATION_FORMAT = dwarf;
				ENABLE_STRICT_OBJC_MSGSEND = YES;
				ENABLE_TESTABILITY = YES;
				GCC_C_LANGUAGE_STANDARD = gnu11;
				GCC_DYNAMIC_NO_PIC = NO;
				GCC_NO_COMMON_BLOCKS = YES;
				GCC_OPTIMIZATION_LEVEL = 0;
				GCC_PREPROCESSOR_DEFINITIONS = (
					"$(inherited)",
					"DEBUG=1",
				);
				GCC_WARN_64_TO_32_BIT_CONVERSION = YES;
				GCC_WARN_ABOUT_RETURN_TYPE = YES_ERROR;
				GCC_WARN_UNDECLARED_SELECTOR = YES;
				GCC_WARN_UNINITIALIZED_AUTOS = YES_AGGRESSIVE;
				GCC_WARN_UNUSED_FUNCTION = YES;
				GCC_WARN_UNUSED_VARIABLE = YES;
				MACOSX_DEPLOYMENT_TARGET = 13.0;
				MTL_ENABLE_DEBUG_INFO = INCLUDE_SOURCE;
				MTL_FAST_MATH = YES;
				ONLY_ACTIVE_ARCH = YES;
				PRODUCT_NAME = "$(TARGET_NAME)";
				SDKROOT = macosx;
				SWIFT_ACTIVE_COMPILATION_CONDITIONS = DEBUG;
				SWIFT_OPTIMIZATION_LEVEL = "-Onone";
				SWIFT_VERSION = 5.0;
			};
			name = Debug;
		};
		54BD7A9F8A767B2109017A64 /* Debug */ = {
			isa = XCBuildConfiguration;
			buildSettings = {
				ASSETCATALOG_COMPILER_APPICON_NAME = AppIcon;
				CODE_SIGN_STYLE = Automatic;
				COMBINE_HIDPI_IMAGES = YES;
				DEVELOPMENT_TEAM = "";
				ENABLE_HARDENED_RUNTIME = YES;
				INFOPLIST_FILE = EditMD/App/Info.plist;
				LD_RUNPATH_SEARCH_PATHS = (
					"$(inherited)",
					"@executable_path/../Frameworks",
				);
				MACOSX_DEPLOYMENT_TARGET = 13.0;
				PRODUCT_BUNDLE_IDENTIFIER = com.editmd.app;
				PRODUCT_NAME = EditMD;
				SDKROOT = macosx;
				SWIFT_STRICT_CONCURRENCY = complete;
				SWIFT_VERSION = 6.2;
			};
			name = Debug;
		};
		7EEB744CFFB81D7FFAEA95C9 /* Release */ = {
			isa = XCBuildConfiguration;
			buildSettings = {
				ASSETCATALOG_COMPILER_APPICON_NAME = AppIcon;
				CODE_SIGN_STYLE = Automatic;
				COMBINE_HIDPI_IMAGES = YES;
				DEVELOPMENT_TEAM = "";
				ENABLE_HARDENED_RUNTIME = YES;
				INFOPLIST_FILE = EditMD/App/Info.plist;
				LD_RUNPATH_SEARCH_PATHS = (
					"$(inherited)",
					"@executable_path/../Frameworks",
				);
				MACOSX_DEPLOYMENT_TARGET = 13.0;
				PRODUCT_BUNDLE_IDENTIFIER = com.editmd.app;
				PRODUCT_NAME = EditMD;
				SDKROOT = macosx;
				SWIFT_STRICT_CONCURRENCY = complete;
				SWIFT_VERSION = 6.2;
			};
			name = Release;
		};
/* End XCBuildConfiguration section */

/* Begin XCConfigurationList section */
		3481F674DE74254BF6475A9C /* Build configuration list for PBXNativeTarget "EditMDTests" */ = {
			isa = XCConfigurationList;
			buildConfigurations = (
				0A458C6E7A33DE5429F00502 /* Debug */,
				2AC91C2CA096F7DB5AE880EB /* Release */,
			);
			defaultConfigurationIsVisible = 0;
			defaultConfigurationName = Debug;
		};
		A8E4A7CAE2C1F6AF58CA373F /* Build configuration list for PBXNativeTarget "EditMD" */ = {
			isa = XCConfigurationList;
			buildConfigurations = (
				54BD7A9F8A767B2109017A64 /* Debug */,
				7EEB744CFFB81D7FFAEA95C9 /* Release */,
			);
			defaultConfigurationIsVisible = 0;
			defaultConfigurationName = Debug;
		};
		DAA6D644025298526166F734 /* Build configuration list for PBXProject "EditMD" */ = {
			isa = XCConfigurationList;
			buildConfigurations = (
				3C36D493BD72519CD49DD5E5 /* Debug */,
				3B261CB551C32D3A520308CE /* Release */,
			);
			defaultConfigurationIsVisible = 0;
			defaultConfigurationName = Debug;
		};
/* End XCConfigurationList section */

/* Begin XCRemoteSwiftPackageReference section */
		D2483951BCC336A88DEFE4A8 /* XCRemoteSwiftPackageReference "swift-markdown" */ = {
			isa = XCRemoteSwiftPackageReference;
			repositoryURL = "https://github.com/apple/swift-markdown";
			requirement = {
				kind = upToNextMajorVersion;
				minimumVersion = 0.7.3;
			};
		};
/* End XCRemoteSwiftPackageReference section */

/* Begin XCSwiftPackageProductDependency section */
		2DE5E72B6D910282961D4DE5 /* Markdown */ = {
			isa = XCSwiftPackageProductDependency;
			package = D2483951BCC336A88DEFE4A8 /* XCRemoteSwiftPackageReference "swift-markdown" */;
			productName = Markdown;
		};
		C751A146F893A369A160F144 /* Markdown */ = {
			isa = XCSwiftPackageProductDependency;
			package = D2483951BCC336A88DEFE4A8 /* XCRemoteSwiftPackageReference "swift-markdown" */;
			productName = Markdown;
		};
/* End XCSwiftPackageProductDependency section */
	};
	rootObject = 55100F6B68E83BE749C519C0 /* Project object */;
}
